
Microsoft Visual Studio Solution File, Format Version 12.00
# Visual Studio Version 17
VisualStudioVersion = 17.0.31717.71
MinimumVisualStudioVersion = 10.0.40219.1
Project("{9A19103F-16F7-4668-BE54-9A1E7A4F7556}") = "GrpcFileStorage", "GrpcFileStorage\GrpcFileStorage.csproj", "{52867472-6E7A-4F9A-8413-ADAB10C3395E}"
EndProject
Project("{9A19103F-16F7-4668-BE54-9A1E7A4F7556}") = "GrpcFileStorage.Client", "GrpcFileStorage.Client\GrpcFileStorage.Client.csproj", "{9EF301AB-205C-491B-820D-636044D16FA4}"
EndProject
Project("{2150E333-8FDC-42A3-9474-1A3956D46DE8}") = "Examples", "Examples", "{8CE46BFE-D757-4372-AE2B-23F169B892A1}"
EndProject
Project("{9A19103F-16F7-4668-BE54-9A1E7A4F7556}") = "GrpcService", "Examples\GrpcService\GrpcService.csproj", "{CEC1F561-386B-440C-8208-8D252D499D75}"
EndProject
Project("{9A19103F-16F7-4668-BE54-9A1E7A4F7556}") = "ConsoleClient", "Examples\ConsoleClient\ConsoleClient.csproj", "{1E41640B-F10A-4C88-9DC4-CAB4E72D2159}"
EndProject
Project("{00D1A9C2-B5F0-4AF3-8072-F6C62B433612}") = "MsSqlDatabase", "Examples\MsSqlDatabase\MsSqlDatabase.sqlproj", "{C375CA81-3DF5-4EB7-9A0F-998679091477}"
EndProject
Project("{2150E333-8FDC-42A3-9474-1A3956D46DE8}") = "Solution Items", "Solution Items", "{F6500039-7AAB-47C0-ADA6-C18FB3DF3586}"
	ProjectSection(SolutionItems) = preProject
		.gitignore = .gitignore
		LICENSE = LICENSE
		README.md = README.md
	EndProjectSection
EndProject
Project("{2150E333-8FDC-42A3-9474-1A3956D46DE8}") = "Tests", "Tests", "{49689C9E-EDEE-41AB-9DF3-70BFFDC70EEB}"
EndProject
Project("{FAE04EC0-301F-11D3-BF4B-00C04F79EFBC}") = "TestClient", "TestClient\TestClient.csproj", "{AA4B4458-2D22-49BF-8F5A-1E13B7198987}"
EndProject
Global
	GlobalSection(SolutionConfigurationPlatforms) = preSolution
		Debug|Any CPU = Debug|Any CPU
		Release|Any CPU = Release|Any CPU
	EndGlobalSection
	GlobalSection(ProjectConfigurationPlatforms) = postSolution
		{52867472-6E7A-4F9A-8413-ADAB10C3395E}.Debug|Any CPU.ActiveCfg = Debug|Any CPU
		{52867472-6E7A-4F9A-8413-ADAB10C3395E}.Debug|Any CPU.Build.0 = Debug|Any CPU
		{52867472-6E7A-4F9A-8413-ADAB10C3395E}.Release|Any CPU.ActiveCfg = Release|Any CPU
		{52867472-6E7A-4F9A-8413-ADAB10C3395E}.Release|Any CPU.Build.0 = Release|Any CPU
		{9EF301AB-205C-491B-820D-636044D16FA4}.Debug|Any CPU.ActiveCfg = Debug|Any CPU
		{9EF301AB-205C-491B-820D-636044D16FA4}.Debug|Any CPU.Build.0 = Debug|Any CPU
		{9EF301AB-205C-491B-820D-636044D16FA4}.Release|Any CPU.ActiveCfg = Release|Any CPU
		{9EF301AB-205C-491B-820D-636044D16FA4}.Release|Any CPU.Build.0 = Release|Any CPU
		{CEC1F561-386B-440C-8208-8D252D499D75}.Debug|Any CPU.ActiveCfg = Debug|Any CPU
		{CEC1F561-386B-440C-8208-8D252D499D75}.Debug|Any CPU.Build.0 = Debug|Any CPU
		{CEC1F561-386B-440C-8208-8D252D499D75}.Release|Any CPU.ActiveCfg = Release|Any CPU
		{CEC1F561-386B-440C-8208-8D252D499D75}.Release|Any CPU.Build.0 = Release|Any CPU
		{1E41640B-F10A-4C88-9DC4-CAB4E72D2159}.Debug|Any CPU.ActiveCfg = Debug|Any CPU
		{1E41640B-F10A-4C88-9DC4-CAB4E72D2159}.Debug|Any CPU.Build.0 = Debug|Any CPU
		{1E41640B-F10A-4C88-9DC4-CAB4E72D2159}.Release|Any CPU.ActiveCfg = Release|Any CPU
		{1E41640B-F10A-4C88-9DC4-CAB4E72D2159}.Release|Any CPU.Build.0 = Release|Any CPU
		{C375CA81-3DF5-4EB7-9A0F-998679091477}.Debug|Any CPU.ActiveCfg = Debug|Any CPU
		{C375CA81-3DF5-4EB7-9A0F-998679091477}.Debug|Any CPU.Build.0 = Debug|Any CPU
		{C375CA81-3DF5-4EB7-9A0F-998679091477}.Debug|Any CPU.Deploy.0 = Debug|Any CPU
		{C375CA81-3DF5-4EB7-9A0F-998679091477}.Release|Any CPU.ActiveCfg = Release|Any CPU
		{C375CA81-3DF5-4EB7-9A0F-998679091477}.Release|Any CPU.Build.0 = Release|Any CPU
		{C375CA81-3DF5-4EB7-9A0F-998679091477}.Release|Any CPU.Deploy.0 = Release|Any CPU
		{AA4B4458-2D22-49BF-8F5A-1E13B7198987}.Debug|Any CPU.ActiveCfg = Debug|Any CPU
		{AA4B4458-2D22-49BF-8F5A-1E13B7198987}.Debug|Any CPU.Build.0 = Debug|Any CPU
		{AA4B4458-2D22-49BF-8F5A-1E13B7198987}.Release|Any CPU.ActiveCfg = Release|Any CPU
		{AA4B4458-2D22-49BF-8F5A-1E13B7198987}.Release|Any CPU.Build.0 = Release|Any CPU
	EndGlobalSection
	GlobalSection(SolutionProperties) = preSolution
		HideSolutionNode = FALSE
	EndGlobalSection
	GlobalSection(NestedProjects) = preSolution
		{CEC1F561-386B-440C-8208-8D252D499D75} = {8CE46BFE-D757-4372-AE2B-23F169B892A1}
		{1E41640B-F10A-4C88-9DC4-CAB4E72D2159} = {8CE46BFE-D757-4372-AE2B-23F169B892A1}
		{C375CA81-3DF5-4EB7-9A0F-998679091477} = {8CE46BFE-D757-4372-AE2B-23F169B892A1}
		{AA4B4458-2D22-49BF-8F5A-1E13B7198987} = {49689C9E-EDEE-41AB-9DF3-70BFFDC70EEB}
	EndGlobalSection
	GlobalSection(ExtensibilityGlobals) = postSolution
		SolutionGuid = {2B6D7EF6-51F8-4DBB-A4E7-ADC493D08583}
	EndGlobalSection
EndGlobal
